
Microsoft Visual Studio Solution File, Format Version 12.00
# Visual Studio 15
VisualStudioVersion = 15.0.28307.102
MinimumVisualStudioVersion = 10.0.40219.1
Project("{FAE04EC0-301F-11D3-BF4B-00C04F79EFBC}") = "HomeController", "HomeController\HomeController.csproj", "{7FF0E9CE-6671-475D-987A-5A5E0392922B}"
EndProject
Project("{FAE04EC0-301F-11D3-BF4B-00C04F79EFBC}") = "SocketComm", "SocketComm\SocketComm.csproj", "{4B08C171-961F-4D01-B243-66F31443900C}"
EndProject
Project("{FAE04EC0-301F-11D3-BF4B-00C04F79EFBC}") = "UnitTestProject", "UnitTestProject\UnitTestProject.csproj", "{83EC2E08-041B-42C7-B635-95885DF39D2F}"
EndProject
Project("{FAE04EC0-301F-11D3-BF4B-00C04F79EFBC}") = "xUnitTests_WDCL", "xUnitTests_WDCL\xUnitTests_WDCL.csproj", "{7EF2F88D-27C6-4FC3-84DD-40B13E7BC57A}"
EndProject
Project("{FAE04EC0-301F-11D3-BF4B-00C04F79EFBC}") = "xUnitTests_WUCL", "xUnitTests_WUCL\xUnitTests_WUCL.csproj", "{9F52DA3B-87B5-4CA1-900A-95AEE05A3463}"
EndProject
Global
	GlobalSection(SolutionConfigurationPlatforms) = preSolution
		Debug|Any CPU = Debug|Any CPU
		Debug|ARM = Debug|ARM
		Debug|ARM64 = Debug|ARM64
		Debug|x64 = Debug|x64
		Debug|x86 = Debug|x86
		Release|Any CPU = Release|Any CPU
		Release|ARM = Release|ARM
		Release|ARM64 = Release|ARM64
		Release|x64 = Release|x64
		Release|x86 = Release|x86
	EndGlobalSection
	GlobalSection(ProjectConfigurationPlatforms) = postSolution
		{7FF0E9CE-6671-475D-987A-5A5E0392922B}.Debug|Any CPU.ActiveCfg = Debug|x86
		{7FF0E9CE-6671-475D-987A-5A5E0392922B}.Debug|ARM.ActiveCfg = Debug|ARM
		{7FF0E9CE-6671-475D-987A-5A5E0392922B}.Debug|ARM.Build.0 = Debug|ARM
		{7FF0E9CE-6671-475D-987A-5A5E0392922B}.Debug|ARM.Deploy.0 = Debug|ARM
		{7FF0E9CE-6671-475D-987A-5A5E0392922B}.Debug|ARM64.ActiveCfg = Debug|ARM64
		{7FF0E9CE-6671-475D-987A-5A5E0392922B}.Debug|ARM64.Build.0 = Debug|ARM64
		{7FF0E9CE-6671-475D-987A-5A5E0392922B}.Debug|ARM64.Deploy.0 = Debug|ARM64
		{7FF0E9CE-6671-475D-987A-5A5E0392922B}.Debug|x64.ActiveCfg = Debug|x64
		{7FF0E9CE-6671-475D-987A-5A5E0392922B}.Debug|x64.Build.0 = Debug|x64
		{7FF0E9CE-6671-475D-987A-5A5E0392922B}.Debug|x64.Deploy.0 = Debug|x64
		{7FF0E9CE-6671-475D-987A-5A5E0392922B}.Debug|x86.ActiveCfg = Debug|x86
		{7FF0E9CE-6671-475D-987A-5A5E0392922B}.Debug|x86.Build.0 = Debug|x86
		{7FF0E9CE-6671-475D-987A-5A5E0392922B}.Debug|x86.Deploy.0 = Debug|x86
		{7FF0E9CE-6671-475D-987A-5A5E0392922B}.Release|Any CPU.ActiveCfg = Release|x86
		{7FF0E9CE-6671-475D-987A-5A5E0392922B}.Release|ARM.ActiveCfg = Release|ARM
		{7FF0E9CE-6671-475D-987A-5A5E0392922B}.Release|ARM.Build.0 = Release|ARM
		{7FF0E9CE-6671-475D-987A-5A5E0392922B}.Release|ARM.Deploy.0 = Release|ARM
		{7FF0E9CE-6671-475D-987A-5A5E0392922B}.Release|ARM64.ActiveCfg = Release|ARM64
		{7FF0E9CE-6671-475D-987A-5A5E0392922B}.Release|ARM64.Build.0 = Release|ARM64
		{7FF0E9CE-6671-475D-987A-5A5E0392922B}.Release|ARM64.Deploy.0 = Release|ARM64
		{7FF0E9CE-6671-475D-987A-5A5E0392922B}.Release|x64.ActiveCfg = Release|x64
		{7FF0E9CE-6671-475D-987A-5A5E0392922B}.Release|x64.Build.0 = Release|x64
		{7FF0E9CE-6671-475D-987A-5A5E0392922B}.Release|x64.Deploy.0 = Release|x64
		{7FF0E9CE-6671-475D-987A-5A5E0392922B}.Release|x86.ActiveCfg = Release|x86
		{7FF0E9CE-6671-475D-987A-5A5E0392922B}.Release|x86.Build.0 = Release|x86
		{7FF0E9CE-6671-475D-987A-5A5E0392922B}.Release|x86.Deploy.0 = Release|x86
		{4B08C171-961F-4D01-B243-66F31443900C}.Debug|Any CPU.ActiveCfg = Debug|Any CPU
		{4B08C171-961F-4D01-B243-66F31443900C}.Debug|Any CPU.Build.0 = Debug|Any CPU
		{4B08C171-961F-4D01-B243-66F31443900C}.Debug|ARM.ActiveCfg = Debug|ARM
		{4B08C171-961F-4D01-B243-66F31443900C}.Debug|ARM.Build.0 = Debug|ARM
		{4B08C171-961F-4D01-B243-66F31443900C}.Debug|ARM64.ActiveCfg = Debug|ARM64
		{4B08C171-961F-4D01-B243-66F31443900C}.Debug|ARM64.Build.0 = Debug|ARM64
		{4B08C171-961F-4D01-B243-66F31443900C}.Debug|x64.ActiveCfg = Debug|x64
		{4B08C171-961F-4D01-B243-66F31443900C}.Debug|x64.Build.0 = Debug|x64
		{4B08C171-961F-4D01-B243-66F31443900C}.Debug|x86.ActiveCfg = Debug|x86
		{4B08C171-961F-4D01-B243-66F31443900C}.Debug|x86.Build.0 = Debug|x86
		{4B08C171-961F-4D01-B243-66F31443900C}.Release|Any CPU.ActiveCfg = Release|Any CPU
		{4B08C171-961F-4D01-B243-66F31443900C}.Release|Any CPU.Build.0 = Release|Any CPU
		{4B08C171-961F-4D01-B243-66F31443900C}.Release|ARM.ActiveCfg = Release|ARM
		{4B08C171-961F-4D01-B243-66F31443900C}.Release|ARM.Build.0 = Release|ARM
		{4B08C171-961F-4D01-B243-66F31443900C}.Release|ARM64.ActiveCfg = Release|ARM64
		{4B08C171-961F-4D01-B243-66F31443900C}.Release|ARM64.Build.0 = Release|ARM64
		{4B08C171-961F-4D01-B243-66F31443900C}.Release|x64.ActiveCfg = Release|x64
		{4B08C171-961F-4D01-B243-66F31443900C}.Release|x64.Build.0 = Release|x64
		{4B08C171-961F-4D01-B243-66F31443900C}.Release|x86.ActiveCfg = Release|x86
		{4B08C171-961F-4D01-B243-66F31443900C}.Release|x86.Build.0 = Release|x86
		{83EC2E08-041B-42C7-B635-95885DF39D2F}.Debug|Any CPU.ActiveCfg = Debug|x86
		{83EC2E08-041B-42C7-B635-95885DF39D2F}.Debug|ARM.ActiveCfg = Debug|ARM
		{83EC2E08-041B-42C7-B635-95885DF39D2F}.Debug|ARM.Build.0 = Debug|ARM
		{83EC2E08-041B-42C7-B635-95885DF39D2F}.Debug|ARM.Deploy.0 = Debug|ARM
		{83EC2E08-041B-42C7-B635-95885DF39D2F}.Debug|ARM64.ActiveCfg = Debug|ARM64
		{83EC2E08-041B-42C7-B635-95885DF39D2F}.Debug|ARM64.Build.0 = Debug|ARM64
		{83EC2E08-041B-42C7-B635-95885DF39D2F}.Debug|ARM64.Deploy.0 = Debug|ARM64
		{83EC2E08-041B-42C7-B635-95885DF39D2F}.Debug|x64.ActiveCfg = Debug|x64
		{83EC2E08-041B-42C7-B635-95885DF39D2F}.Debug|x64.Build.0 = Debug|x64
		{83EC2E08-041B-42C7-B635-95885DF39D2F}.Debug|x64.Deploy.0 = Debug|x64
		{83EC2E08-041B-42C7-B635-95885DF39D2F}.Debug|x86.ActiveCfg = Debug|x86
		{83EC2E08-041B-42C7-B635-95885DF39D2F}.Debug|x86.Build.0 = Debug|x86
		{83EC2E08-041B-42C7-B635-95885DF39D2F}.Debug|x86.Deploy.0 = Debug|x86
		{83EC2E08-041B-42C7-B635-95885DF39D2F}.Release|Any CPU.ActiveCfg = Release|x86
		{83EC2E08-041B-42C7-B635-95885DF39D2F}.Release|ARM.ActiveCfg = Release|ARM
		{83EC2E08-041B-42C7-B635-95885DF39D2F}.Release|ARM.Build.0 = Release|ARM
		{83EC2E08-041B-42C7-B635-95885DF39D2F}.Release|ARM.Deploy.0 = Release|ARM
		{83EC2E08-041B-42C7-B635-95885DF39D2F}.Release|ARM64.ActiveCfg = Release|ARM64
		{83EC2E08-041B-42C7-B635-95885DF39D2F}.Release|ARM64.Build.0 = Release|ARM64
		{83EC2E08-041B-42C7-B635-95885DF39D2F}.Release|ARM64.Deploy.0 = Release|ARM64
		{83EC2E08-041B-42C7-B635-95885DF39D2F}.Release|x64.ActiveCfg = Release|x64
		{83EC2E08-041B-42C7-B635-95885DF39D2F}.Release|x64.Build.0 = Release|x64
		{83EC2E08-041B-42C7-B635-95885DF39D2F}.Release|x64.Deploy.0 = Release|x64
		{83EC2E08-041B-42C7-B635-95885DF39D2F}.Release|x86.ActiveCfg = Release|x86
		{83EC2E08-041B-42C7-B635-95885DF39D2F}.Release|x86.Build.0 = Release|x86
		{83EC2E08-041B-42C7-B635-95885DF39D2F}.Release|x86.Deploy.0 = Release|x86
		{7EF2F88D-27C6-4FC3-84DD-40B13E7BC57A}.Debug|Any CPU.ActiveCfg = Debug|Any CPU
		{7EF2F88D-27C6-4FC3-84DD-40B13E7BC57A}.Debug|Any CPU.Build.0 = Debug|Any CPU
		{7EF2F88D-27C6-4FC3-84DD-40B13E7BC57A}.Debug|ARM.ActiveCfg = Debug|Any CPU
		{7EF2F88D-27C6-4FC3-84DD-40B13E7BC57A}.Debug|ARM.Build.0 = Debug|Any CPU
		{7EF2F88D-27C6-4FC3-84DD-40B13E7BC57A}.Debug|ARM64.ActiveCfg = Debug|Any CPU
		{7EF2F88D-27C6-4FC3-84DD-40B13E7BC57A}.Debug|ARM64.Build.0 = Debug|Any CPU
		{7EF2F88D-27C6-4FC3-84DD-40B13E7BC57A}.Debug|x64.ActiveCfg = Debug|Any CPU
		{7EF2F88D-27C6-4FC3-84DD-40B13E7BC57A}.Debug|x64.Build.0 = Debug|Any CPU
		{7EF2F88D-27C6-4FC3-84DD-40B13E7BC57A}.Debug|x86.ActiveCfg = Debug|Any CPU
		{7EF2F88D-27C6-4FC3-84DD-40B13E7BC57A}.Debug|x86.Build.0 = Debug|Any CPU
		{7EF2F88D-27C6-4FC3-84DD-40B13E7BC57A}.Release|Any CPU.ActiveCfg = Release|Any CPU
		{7EF2F88D-27C6-4FC3-84DD-40B13E7BC57A}.Release|Any CPU.Build.0 = Release|Any CPU
		{7EF2F88D-27C6-4FC3-84DD-40B13E7BC57A}.Release|ARM.ActiveCfg = Release|Any CPU
		{7EF2F88D-27C6-4FC3-84DD-40B13E7BC57A}.Release|ARM.Build.0 = Release|Any CPU
		{7EF2F88D-27C6-4FC3-84DD-40B13E7BC57A}.Release|ARM64.ActiveCfg = Release|Any CPU
		{7EF2F88D-27C6-4FC3-84DD-40B13E7BC57A}.Release|ARM64.Build.0 = Release|Any CPU
		{7EF2F88D-27C6-4FC3-84DD-40B13E7BC57A}.Release|x64.ActiveCfg = Release|Any CPU
		{7EF2F88D-27C6-4FC3-84DD-40B13E7BC57A}.Release|x64.Build.0 = Release|Any CPU
		{7EF2F88D-27C6-4FC3-84DD-40B13E7BC57A}.Release|x86.ActiveCfg = Release|Any CPU
		{7EF2F88D-27C6-4FC3-84DD-40B13E7BC57A}.Release|x86.Build.0 = Release|Any CPU
		{9F52DA3B-87B5-4CA1-900A-95AEE05A3463}.Debug|Any CPU.ActiveCfg = Debug|Any CPU
		{9F52DA3B-87B5-4CA1-900A-95AEE05A3463}.Debug|Any CPU.Build.0 = Debug|Any CPU
		{9F52DA3B-87B5-4CA1-900A-95AEE05A3463}.Debug|ARM.ActiveCfg = Debug|ARM
		{9F52DA3B-87B5-4CA1-900A-95AEE05A3463}.Debug|ARM.Build.0 = Debug|ARM
		{9F52DA3B-87B5-4CA1-900A-95AEE05A3463}.Debug|ARM64.ActiveCfg = Debug|ARM64
		{9F52DA3B-87B5-4CA1-900A-95AEE05A3463}.Debug|ARM64.Build.0 = Debug|ARM64
		{9F52DA3B-87B5-4CA1-900A-95AEE05A3463}.Debug|x64.ActiveCfg = Debug|x64
		{9F52DA3B-87B5-4CA1-900A-95AEE05A3463}.Debug|x64.Build.0 = Debug|x64
		{9F52DA3B-87B5-4CA1-900A-95AEE05A3463}.Debug|x86.ActiveCfg = Debug|x86
		{9F52DA3B-87B5-4CA1-900A-95AEE05A3463}.Debug|x86.Build.0 = Debug|x86
		{9F52DA3B-87B5-4CA1-900A-95AEE05A3463}.Release|Any CPU.ActiveCfg = Release|Any CPU
		{9F52DA3B-87B5-4CA1-900A-95AEE05A3463}.Release|Any CPU.Build.0 = Release|Any CPU
		{9F52DA3B-87B5-4CA1-900A-95AEE05A3463}.Release|ARM.ActiveCfg = Release|ARM
		{9F52DA3B-87B5-4CA1-900A-95AEE05A3463}.Release|ARM.Build.0 = Release|ARM
		{9F52DA3B-87B5-4CA1-900A-95AEE05A3463}.Release|ARM64.ActiveCfg = Release|ARM64
		{9F52DA3B-87B5-4CA1-900A-95AEE05A3463}.Release|ARM64.Build.0 = Release|ARM64
		{9F52DA3B-87B5-4CA1-900A-95AEE05A3463}.Release|x64.ActiveCfg = Release|x64
		{9F52DA3B-87B5-4CA1-900A-95AEE05A3463}.Release|x64.Build.0 = Release|x64
		{9F52DA3B-87B5-4CA1-900A-95AEE05A3463}.Release|x86.ActiveCfg = Release|x86
		{9F52DA3B-87B5-4CA1-900A-95AEE05A3463}.Release|x86.Build.0 = Release|x86
	EndGlobalSection
	GlobalSection(SolutionProperties) = preSolution
		HideSolutionNode = FALSE
	EndGlobalSection
	GlobalSection(ExtensibilityGlobals) = postSolution
		SolutionGuid = {06F8B187-DFFF-4D49-A1A3-DFDF24A9251E}
	EndGlobalSection
EndGlobal
